
Microsoft Visual Studio Solution File, Format Version 12.00
# Visual Studio Version 17
VisualStudioVersion = 17.8.34322.80
MinimumVisualStudioVersion = 10.0.40219.1
Project("{2150E333-8FDC-42A3-9474-1A3956D46DE8}") = "Saida", "Saida", "{CBD1E83A-6B02-43D2-BF6C-B2B17606DB61}"
EndProject
Project("{9A19103F-16F7-4668-BE54-9A1E7A4F7556}") = "SaidaDeDados", "SaidaDeDados\SaidaDeDados.csproj", "{DED0B53E-1BEB-4BC8-B5DD-89F1C1A89B60}"
EndProject
Project("{9A19103F-16F7-4668-BE54-9A1E7A4F7556}") = "OperadoresAtribuicao", "OperadoresAtribuicao\OperadoresAtribuicao.csproj", "{9F33C097-B6A5-4974-9989-E02287E675E0}"
EndProject
Project("{9A19103F-16F7-4668-BE54-9A1E7A4F7556}") = "Conversao", "Conversao\Conversao.csproj", "{86125AA5-DF33-4F72-BF4E-870A058D7F75}"
EndProject
Project("{9A19103F-16F7-4668-BE54-9A1E7A4F7556}") = "OperadoresAritmeticos", "OperadoresAritmeticos\OperadoresAritmeticos.csproj", "{6980F53B-F029-4886-81B8-2FF5387F3C36}"
EndProject
Project("{2150E333-8FDC-42A3-9474-1A3956D46DE8}") = "Entrada", "Entrada", "{511E51D2-177B-463A-8B57-05ADB014F571}"
EndProject
Project("{9A19103F-16F7-4668-BE54-9A1E7A4F7556}") = "EntradaDeDados", "EntradaDeDados\EntradaDeDados.csproj", "{9F4AB1E9-ED1E-4FCD-B534-58C2E0E8B812}"
EndProject
Project("{2150E333-8FDC-42A3-9474-1A3956D46DE8}") = "MVC", "MVC", "{C45DBC30-E05D-46E9-8617-62C5469D63E9}"
EndProject
Project("{FAE04EC0-301F-11D3-BF4B-00C04F79EFBC}") = "SalesWebMvc", "SalesWebMvc\SalesWebMvc.csproj", "{9FB6A80E-1A9C-4B79-83D5-DA1005270A58}"
EndProject
Global
	GlobalSection(SolutionConfigurationPlatforms) = preSolution
		Debug|Any CPU = Debug|Any CPU
		Release|Any CPU = Release|Any CPU
	EndGlobalSection
	GlobalSection(ProjectConfigurationPlatforms) = postSolution
		{DED0B53E-1BEB-4BC8-B5DD-89F1C1A89B60}.Debug|Any CPU.ActiveCfg = Debug|Any CPU
		{DED0B53E-1BEB-4BC8-B5DD-89F1C1A89B60}.Debug|Any CPU.Build.0 = Debug|Any CPU
		{DED0B53E-1BEB-4BC8-B5DD-89F1C1A89B60}.Release|Any CPU.ActiveCfg = Release|Any CPU
		{DED0B53E-1BEB-4BC8-B5DD-89F1C1A89B60}.Release|Any CPU.Build.0 = Release|Any CPU
		{9F33C097-B6A5-4974-9989-E02287E675E0}.Debug|Any CPU.ActiveCfg = Debug|Any CPU
		{9F33C097-B6A5-4974-9989-E02287E675E0}.Debug|Any CPU.Build.0 = Debug|Any CPU
		{9F33C097-B6A5-4974-9989-E02287E675E0}.Release|Any CPU.ActiveCfg = Release|Any CPU
		{9F33C097-B6A5-4974-9989-E02287E675E0}.Release|Any CPU.Build.0 = Release|Any CPU
		{86125AA5-DF33-4F72-BF4E-870A058D7F75}.Debug|Any CPU.ActiveCfg = Debug|Any CPU
		{86125AA5-DF33-4F72-BF4E-870A058D7F75}.Debug|Any CPU.Build.0 = Debug|Any CPU
		{86125AA5-DF33-4F72-BF4E-870A058D7F75}.Release|Any CPU.ActiveCfg = Release|Any CPU
		{86125AA5-DF33-4F72-BF4E-870A058D7F75}.Release|Any CPU.Build.0 = Release|Any CPU
		{6980F53B-F029-4886-81B8-2FF5387F3C36}.Debug|Any CPU.ActiveCfg = Debug|Any CPU
		{6980F53B-F029-4886-81B8-2FF5387F3C36}.Debug|Any CPU.Build.0 = Debug|Any CPU
		{6980F53B-F029-4886-81B8-2FF5387F3C36}.Release|Any CPU.ActiveCfg = Release|Any CPU
		{6980F53B-F029-4886-81B8-2FF5387F3C36}.Release|Any CPU.Build.0 = Release|Any CPU
		{9F4AB1E9-ED1E-4FCD-B534-58C2E0E8B812}.Debug|Any CPU.ActiveCfg = Debug|Any CPU
		{9F4AB1E9-ED1E-4FCD-B534-58C2E0E8B812}.Debug|Any CPU.Build.0 = Debug|Any CPU
		{9F4AB1E9-ED1E-4FCD-B534-58C2E0E8B812}.Release|Any CPU.ActiveCfg = Release|Any CPU
		{9F4AB1E9-ED1E-4FCD-B534-58C2E0E8B812}.Release|Any CPU.Build.0 = Release|Any CPU
		{9FB6A80E-1A9C-4B79-83D5-DA1005270A58}.Debug|Any CPU.ActiveCfg = Debug|Any CPU
		{9FB6A80E-1A9C-4B79-83D5-DA1005270A58}.Debug|Any CPU.Build.0 = Debug|Any CPU
		{9FB6A80E-1A9C-4B79-83D5-DA1005270A58}.Release|Any CPU.ActiveCfg = Release|Any CPU
		{9FB6A80E-1A9C-4B79-83D5-DA1005270A58}.Release|Any CPU.Build.0 = Release|Any CPU
	EndGlobalSection
	GlobalSection(SolutionProperties) = preSolution
		HideSolutionNode = FALSE
	EndGlobalSection
	GlobalSection(NestedProjects) = preSolution
		{DED0B53E-1BEB-4BC8-B5DD-89F1C1A89B60} = {CBD1E83A-6B02-43D2-BF6C-B2B17606DB61}
		{9F33C097-B6A5-4974-9989-E02287E675E0} = {CBD1E83A-6B02-43D2-BF6C-B2B17606DB61}
		{86125AA5-DF33-4F72-BF4E-870A058D7F75} = {CBD1E83A-6B02-43D2-BF6C-B2B17606DB61}
		{6980F53B-F029-4886-81B8-2FF5387F3C36} = {CBD1E83A-6B02-43D2-BF6C-B2B17606DB61}
		{9F4AB1E9-ED1E-4FCD-B534-58C2E0E8B812} = {511E51D2-177B-463A-8B57-05ADB014F571}
		{9FB6A80E-1A9C-4B79-83D5-DA1005270A58} = {C45DBC30-E05D-46E9-8617-62C5469D63E9}
	EndGlobalSection
	GlobalSection(ExtensibilityGlobals) = postSolution
		SolutionGuid = {161C1C63-A0F5-4FF0-84B9-15CECB758861}
	EndGlobalSection
EndGlobal
